
Microsoft Visual Studio Solution File, Format Version 12.00
# Visual Studio 14
VisualStudioVersion = 14.0.24720.0
MinimumVisualStudioVersion = 10.0.40219.1
Project("{FAE04EC0-301F-11D3-BF4B-00C04F79EFBC}") = "RCD.WindowsService", "WindowsService1\RCD.WindowsService.csproj", "{43E9D1B8-E141-4A7B-A154-270F47A28247}"
EndProject
Project("{54435603-DBB4-11D2-8724-00A0C9A8B90C}") = "RCD.WindowsServiceSetup", "WindowsServiceSetup\WindowsServiceSetup.vdproj", "{52C5F040-6A06-4BB4-A53A-C8D5D4D5DFD8}"
EndProject
Project("{FAE04EC0-301F-11D3-BF4B-00C04F79EFBC}") = "RCD.DAL", "RCD.DAL\RCD.DAL.csproj", "{2D307ACB-EC87-4922-8D00-F749D47ED1BC}"
EndProject
Project("{FAE04EC0-301F-11D3-BF4B-00C04F79EFBC}") = "RCD.BL", "RCD.BL\RCD.BL.csproj", "{117CFBC5-7438-42E8-A59D-F741C467AD78}"
EndProject
Project("{FAE04EC0-301F-11D3-BF4B-00C04F79EFBC}") = "RCD.Model", "RCD.Model\RCD.Model.csproj", "{946DBB64-025E-4F40-8E3A-78E547F03A36}"
EndProject
Global
	GlobalSection(SolutionConfigurationPlatforms) = preSolution
		Debug|Any CPU = Debug|Any CPU
		Release|Any CPU = Release|Any CPU
	EndGlobalSection
	GlobalSection(ProjectConfigurationPlatforms) = postSolution
		{43E9D1B8-E141-4A7B-A154-270F47A28247}.Debug|Any CPU.ActiveCfg = Debug|Any CPU
		{43E9D1B8-E141-4A7B-A154-270F47A28247}.Debug|Any CPU.Build.0 = Debug|Any CPU
		{43E9D1B8-E141-4A7B-A154-270F47A28247}.Release|Any CPU.ActiveCfg = Release|Any CPU
		{43E9D1B8-E141-4A7B-A154-270F47A28247}.Release|Any CPU.Build.0 = Release|Any CPU
		{52C5F040-6A06-4BB4-A53A-C8D5D4D5DFD8}.Debug|Any CPU.ActiveCfg = Debug
		{52C5F040-6A06-4BB4-A53A-C8D5D4D5DFD8}.Release|Any CPU.ActiveCfg = Release
		{2D307ACB-EC87-4922-8D00-F749D47ED1BC}.Debug|Any CPU.ActiveCfg = Debug|Any CPU
		{2D307ACB-EC87-4922-8D00-F749D47ED1BC}.Debug|Any CPU.Build.0 = Debug|Any CPU
		{2D307ACB-EC87-4922-8D00-F749D47ED1BC}.Release|Any CPU.ActiveCfg = Release|Any CPU
		{2D307ACB-EC87-4922-8D00-F749D47ED1BC}.Release|Any CPU.Build.0 = Release|Any CPU
		{117CFBC5-7438-42E8-A59D-F741C467AD78}.Debug|Any CPU.ActiveCfg = Debug|Any CPU
		{117CFBC5-7438-42E8-A59D-F741C467AD78}.Debug|Any CPU.Build.0 = Debug|Any CPU
		{117CFBC5-7438-42E8-A59D-F741C467AD78}.Release|Any CPU.ActiveCfg = Release|Any CPU
		{117CFBC5-7438-42E8-A59D-F741C467AD78}.Release|Any CPU.Build.0 = Release|Any CPU
		{946DBB64-025E-4F40-8E3A-78E547F03A36}.Debug|Any CPU.ActiveCfg = Debug|Any CPU
		{946DBB64-025E-4F40-8E3A-78E547F03A36}.Debug|Any CPU.Build.0 = Debug|Any CPU
		{946DBB64-025E-4F40-8E3A-78E547F03A36}.Release|Any CPU.ActiveCfg = Release|Any CPU
		{946DBB64-025E-4F40-8E3A-78E547F03A36}.Release|Any CPU.Build.0 = Release|Any CPU
	EndGlobalSection
	GlobalSection(SolutionProperties) = preSolution
		HideSolutionNode = FALSE
	EndGlobalSection
EndGlobal
